# This file is autogenerated, do not edit; changes may be undone by the next 'dep ensure'.


[[projects]]
  digest = "1:a84ca8211571c08591b52703d3b05e15f2c2399233320444617bbcbc89a0f7d0"
  name = "github.com/golang/protobuf"
  packages = [
    "jsonpb",
    "proto",
    "ptypes/struct",
  ]
  pruneopts = "UT"
  revision = "6c65a5562fc06764971b7c5d05c76c75e84bdbf7"
  version = "v1.3.2"

[[projects]]
  digest = "1:09424e4abeba1d2fc80c47c26347a3eed24f9cfd83173131dd048479ca6e041a"
  name = "github.com/jinzhu/gorm"
  packages = ["."]
  pruneopts = "UT"
  revision = "836fb2c19d84dac7b0272958dfb9af7cf0d0ade4"
  version = "v1.9.10"

[[projects]]
  digest = "1:01ed62f8f4f574d8aff1d88caee113700a2b44c42351943fa73cc1808f736a50"
  name = "github.com/jinzhu/inflection"
  packages = ["."]
  pruneopts = "UT"
  revision = "f5c5f50e6090ae76a29240b61ae2a90dd810112e"
  version = "v1.0.0"

[[projects]]
  branch = "master"
  digest = "1:77f84fe652ba4be746bb60668b8e2ab4b9faa9ebdd8cb77f6f3ab2437887f147"
  name = "github.com/speakerkfm/web-crud"
  packages = [
    "pkg/service/serviceiface",
    "pkg/store",
    "rpc/psu",
  ]
  pruneopts = "UT"
  revision = "86c7dd7a0403b95d961c31f6c7890e494ada5a1b"

[[projects]]
  digest = "1:e6a64fc457345cdd841c7a78b20ef76e3b7cbbcac0068428725fe8903d37f5de"
  name = "github.com/twitchtv/twirp"
  packages = [
    ".",
    "ctxsetters",
    "internal/contextkeys",
  ]
  pruneopts = "UT"
  revision = "fd9eb15637a0de1559e002f8601ca4f1459e0cd3"
  version = "v5.8.0"

[solve-meta]
  analyzer-name = "dep"
  analyzer-version = 1
  input-imports = [
    "github.com/golang/protobuf/jsonpb",
    "github.com/golang/protobuf/proto",
    "github.com/jinzhu/gorm",
    "github.com/speakerkfm/web-crud/pkg/service/serviceiface",
    "github.com/speakerkfm/web-crud/pkg/store",
    "github.com/speakerkfm/web-crud/rpc/psu",
    "github.com/twitchtv/twirp",
    "github.com/twitchtv/twirp/ctxsetters",
  ]
  solver-name = "gps-cdcl"
  solver-version = 1
